
Microsoft Visual Studio Solution File, Format Version 12.00
# Visual Studio 14
VisualStudioVersion = 14.0.23107.0
MinimumVisualStudioVersion = 10.0.40219.1
Project("{FAE04EC0-301F-11D3-BF4B-00C04F79EFBC}") = "Win10Demo", "Win10Demo\Win10Demo.csproj", "{00E76493-3B6E-4681-8C5B-0C8DDDBAF534}"
EndProject
Project("{FAE04EC0-301F-11D3-BF4B-00C04F79EFBC}") = "Win10Demo2", "Win10Demo2\Win10Demo2.csproj", "{4B170EC3-BBAA-4664-AB02-F0664CAAB884}"
EndProject
Project("{FAE04EC0-301F-11D3-BF4B-00C04F79EFBC}") = "Win10DemoRPI", "Win10DemoRPI\Win10DemoRPI.csproj", "{71FE087C-DA5A-40E7-A7D0-43647E391DB1}"
EndProject
Project("{FAE04EC0-301F-11D3-BF4B-00C04F79EFBC}") = "Win10DemoService", "Win10DemoService\Win10DemoService.csproj", "{B070AC9F-7E7E-407D-B915-A3E7D62B3A70}"
EndProject
Global
	GlobalSection(SolutionConfigurationPlatforms) = preSolution
		Debug|Any CPU = Debug|Any CPU
		Debug|ARM = Debug|ARM
		Debug|x64 = Debug|x64
		Debug|x86 = Debug|x86
		Release|Any CPU = Release|Any CPU
		Release|ARM = Release|ARM
		Release|x64 = Release|x64
		Release|x86 = Release|x86
	EndGlobalSection
	GlobalSection(ProjectConfigurationPlatforms) = postSolution
		{00E76493-3B6E-4681-8C5B-0C8DDDBAF534}.Debug|Any CPU.ActiveCfg = Debug|x86
		{00E76493-3B6E-4681-8C5B-0C8DDDBAF534}.Debug|ARM.ActiveCfg = Debug|ARM
		{00E76493-3B6E-4681-8C5B-0C8DDDBAF534}.Debug|ARM.Build.0 = Debug|ARM
		{00E76493-3B6E-4681-8C5B-0C8DDDBAF534}.Debug|ARM.Deploy.0 = Debug|ARM
		{00E76493-3B6E-4681-8C5B-0C8DDDBAF534}.Debug|x64.ActiveCfg = Debug|x64
		{00E76493-3B6E-4681-8C5B-0C8DDDBAF534}.Debug|x64.Build.0 = Debug|x64
		{00E76493-3B6E-4681-8C5B-0C8DDDBAF534}.Debug|x64.Deploy.0 = Debug|x64
		{00E76493-3B6E-4681-8C5B-0C8DDDBAF534}.Debug|x86.ActiveCfg = Debug|x86
		{00E76493-3B6E-4681-8C5B-0C8DDDBAF534}.Debug|x86.Build.0 = Debug|x86
		{00E76493-3B6E-4681-8C5B-0C8DDDBAF534}.Debug|x86.Deploy.0 = Debug|x86
		{00E76493-3B6E-4681-8C5B-0C8DDDBAF534}.Release|Any CPU.ActiveCfg = Release|x86
		{00E76493-3B6E-4681-8C5B-0C8DDDBAF534}.Release|ARM.ActiveCfg = Release|ARM
		{00E76493-3B6E-4681-8C5B-0C8DDDBAF534}.Release|ARM.Build.0 = Release|ARM
		{00E76493-3B6E-4681-8C5B-0C8DDDBAF534}.Release|ARM.Deploy.0 = Release|ARM
		{00E76493-3B6E-4681-8C5B-0C8DDDBAF534}.Release|x64.ActiveCfg = Release|x64
		{00E76493-3B6E-4681-8C5B-0C8DDDBAF534}.Release|x64.Build.0 = Release|x64
		{00E76493-3B6E-4681-8C5B-0C8DDDBAF534}.Release|x64.Deploy.0 = Release|x64
		{00E76493-3B6E-4681-8C5B-0C8DDDBAF534}.Release|x86.ActiveCfg = Release|x86
		{00E76493-3B6E-4681-8C5B-0C8DDDBAF534}.Release|x86.Build.0 = Release|x86
		{00E76493-3B6E-4681-8C5B-0C8DDDBAF534}.Release|x86.Deploy.0 = Release|x86
		{4B170EC3-BBAA-4664-AB02-F0664CAAB884}.Debug|Any CPU.ActiveCfg = Debug|x86
		{4B170EC3-BBAA-4664-AB02-F0664CAAB884}.Debug|ARM.ActiveCfg = Debug|ARM
		{4B170EC3-BBAA-4664-AB02-F0664CAAB884}.Debug|ARM.Build.0 = Debug|ARM
		{4B170EC3-BBAA-4664-AB02-F0664CAAB884}.Debug|ARM.Deploy.0 = Debug|ARM
		{4B170EC3-BBAA-4664-AB02-F0664CAAB884}.Debug|x64.ActiveCfg = Debug|x64
		{4B170EC3-BBAA-4664-AB02-F0664CAAB884}.Debug|x64.Build.0 = Debug|x64
		{4B170EC3-BBAA-4664-AB02-F0664CAAB884}.Debug|x64.Deploy.0 = Debug|x64
		{4B170EC3-BBAA-4664-AB02-F0664CAAB884}.Debug|x86.ActiveCfg = Debug|x86
		{4B170EC3-BBAA-4664-AB02-F0664CAAB884}.Debug|x86.Build.0 = Debug|x86
		{4B170EC3-BBAA-4664-AB02-F0664CAAB884}.Debug|x86.Deploy.0 = Debug|x86
		{4B170EC3-BBAA-4664-AB02-F0664CAAB884}.Release|Any CPU.ActiveCfg = Release|x86
		{4B170EC3-BBAA-4664-AB02-F0664CAAB884}.Release|ARM.ActiveCfg = Release|ARM
		{4B170EC3-BBAA-4664-AB02-F0664CAAB884}.Release|ARM.Build.0 = Release|ARM
		{4B170EC3-BBAA-4664-AB02-F0664CAAB884}.Release|ARM.Deploy.0 = Release|ARM
		{4B170EC3-BBAA-4664-AB02-F0664CAAB884}.Release|x64.ActiveCfg = Release|x64
		{4B170EC3-BBAA-4664-AB02-F0664CAAB884}.Release|x64.Build.0 = Release|x64
		{4B170EC3-BBAA-4664-AB02-F0664CAAB884}.Release|x64.Deploy.0 = Release|x64
		{4B170EC3-BBAA-4664-AB02-F0664CAAB884}.Release|x86.ActiveCfg = Release|x86
		{4B170EC3-BBAA-4664-AB02-F0664CAAB884}.Release|x86.Build.0 = Release|x86
		{4B170EC3-BBAA-4664-AB02-F0664CAAB884}.Release|x86.Deploy.0 = Release|x86
		{71FE087C-DA5A-40E7-A7D0-43647E391DB1}.Debug|Any CPU.ActiveCfg = Debug|x86
		{71FE087C-DA5A-40E7-A7D0-43647E391DB1}.Debug|ARM.ActiveCfg = Debug|ARM
		{71FE087C-DA5A-40E7-A7D0-43647E391DB1}.Debug|ARM.Build.0 = Debug|ARM
		{71FE087C-DA5A-40E7-A7D0-43647E391DB1}.Debug|ARM.Deploy.0 = Debug|ARM
		{71FE087C-DA5A-40E7-A7D0-43647E391DB1}.Debug|x64.ActiveCfg = Debug|x64
		{71FE087C-DA5A-40E7-A7D0-43647E391DB1}.Debug|x64.Build.0 = Debug|x64
		{71FE087C-DA5A-40E7-A7D0-43647E391DB1}.Debug|x64.Deploy.0 = Debug|x64
		{71FE087C-DA5A-40E7-A7D0-43647E391DB1}.Debug|x86.ActiveCfg = Debug|x86
		{71FE087C-DA5A-40E7-A7D0-43647E391DB1}.Debug|x86.Build.0 = Debug|x86
		{71FE087C-DA5A-40E7-A7D0-43647E391DB1}.Debug|x86.Deploy.0 = Debug|x86
		{71FE087C-DA5A-40E7-A7D0-43647E391DB1}.Release|Any CPU.ActiveCfg = Release|x86
		{71FE087C-DA5A-40E7-A7D0-43647E391DB1}.Release|ARM.ActiveCfg = Release|ARM
		{71FE087C-DA5A-40E7-A7D0-43647E391DB1}.Release|ARM.Build.0 = Release|ARM
		{71FE087C-DA5A-40E7-A7D0-43647E391DB1}.Release|ARM.Deploy.0 = Release|ARM
		{71FE087C-DA5A-40E7-A7D0-43647E391DB1}.Release|x64.ActiveCfg = Release|x64
		{71FE087C-DA5A-40E7-A7D0-43647E391DB1}.Release|x64.Build.0 = Release|x64
		{71FE087C-DA5A-40E7-A7D0-43647E391DB1}.Release|x64.Deploy.0 = Release|x64
		{71FE087C-DA5A-40E7-A7D0-43647E391DB1}.Release|x86.ActiveCfg = Release|x86
		{71FE087C-DA5A-40E7-A7D0-43647E391DB1}.Release|x86.Build.0 = Release|x86
		{71FE087C-DA5A-40E7-A7D0-43647E391DB1}.Release|x86.Deploy.0 = Release|x86
		{B070AC9F-7E7E-407D-B915-A3E7D62B3A70}.Debug|Any CPU.ActiveCfg = Debug|Any CPU
		{B070AC9F-7E7E-407D-B915-A3E7D62B3A70}.Debug|Any CPU.Build.0 = Debug|Any CPU
		{B070AC9F-7E7E-407D-B915-A3E7D62B3A70}.Debug|ARM.ActiveCfg = Debug|ARM
		{B070AC9F-7E7E-407D-B915-A3E7D62B3A70}.Debug|ARM.Build.0 = Debug|ARM
		{B070AC9F-7E7E-407D-B915-A3E7D62B3A70}.Debug|x64.ActiveCfg = Debug|x64
		{B070AC9F-7E7E-407D-B915-A3E7D62B3A70}.Debug|x64.Build.0 = Debug|x64
		{B070AC9F-7E7E-407D-B915-A3E7D62B3A70}.Debug|x86.ActiveCfg = Debug|x86
		{B070AC9F-7E7E-407D-B915-A3E7D62B3A70}.Debug|x86.Build.0 = Debug|x86
		{B070AC9F-7E7E-407D-B915-A3E7D62B3A70}.Release|Any CPU.ActiveCfg = Release|Any CPU
		{B070AC9F-7E7E-407D-B915-A3E7D62B3A70}.Release|Any CPU.Build.0 = Release|Any CPU
		{B070AC9F-7E7E-407D-B915-A3E7D62B3A70}.Release|ARM.ActiveCfg = Release|ARM
		{B070AC9F-7E7E-407D-B915-A3E7D62B3A70}.Release|ARM.Build.0 = Release|ARM
		{B070AC9F-7E7E-407D-B915-A3E7D62B3A70}.Release|x64.ActiveCfg = Release|x64
		{B070AC9F-7E7E-407D-B915-A3E7D62B3A70}.Release|x64.Build.0 = Release|x64
		{B070AC9F-7E7E-407D-B915-A3E7D62B3A70}.Release|x86.ActiveCfg = Release|x86
		{B070AC9F-7E7E-407D-B915-A3E7D62B3A70}.Release|x86.Build.0 = Release|x86
	EndGlobalSection
	GlobalSection(SolutionProperties) = preSolution
		HideSolutionNode = FALSE
	EndGlobalSection
EndGlobal
